// !$*UTF8*$!
{
	archiveVersion = 1;
	classes = {
	};
	objectVersion = 50;
	objects = {

/* Begin PBXBuildFile section */
		280F1786B8250F2A6DD43827 /* Pods_Notes_NotesUITests.framework in Frameworks */ = {isa = PBXBuildFile; fileRef = DC92FA67B747B8385A9EB468 /* Pods_Notes_NotesUITests.framework */; };
		57332F379316CAF6B147A778 /* Pods_Notes.framework in Frameworks */ = {isa = PBXBuildFile; fileRef = B91CB12D68D469D75F1E0AE5 /* Pods_Notes.framework */; };
		934AF68E1C886791661DE915 /* Pods_NotesTests.framework in Frameworks */ = {isa = PBXBuildFile; fileRef = 971E35AE02965FDFFA4DBE48 /* Pods_NotesTests.framework */; };
		E9B4196524BB91BE00C51AE9 /* AppDelegate.swift in Sources */ = {isa = PBXBuildFile; fileRef = E9B4196424BB91BE00C51AE9 /* AppDelegate.swift */; };
		E9B4196724BB91BE00C51AE9 /* SceneDelegate.swift in Sources */ = {isa = PBXBuildFile; fileRef = E9B4196624BB91BE00C51AE9 /* SceneDelegate.swift */; };
		E9B4196924BB91BE00C51AE9 /* ViewController.swift in Sources */ = {isa = PBXBuildFile; fileRef = E9B4196824BB91BE00C51AE9 /* ViewController.swift */; };
		E9B4196C24BB91BE00C51AE9 /* Main.storyboard in Resources */ = {isa = PBXBuildFile; fileRef = E9B4196A24BB91BE00C51AE9 /* Main.storyboard */; };
		E9B4196E24BB91C000C51AE9 /* Assets.xcassets in Resources */ = {isa = PBXBuildFile; fileRef = E9B4196D24BB91C000C51AE9 /* Assets.xcassets */; };
		E9B4197124BB91C000C51AE9 /* LaunchScreen.storyboard in Resources */ = {isa = PBXBuildFile; fileRef = E9B4196F24BB91C000C51AE9 /* LaunchScreen.storyboard */; };
		E9B4197C24BB91C000C51AE9 /* NotesTests.swift in Sources */ = {isa = PBXBuildFile; fileRef = E9B4197B24BB91C000C51AE9 /* NotesTests.swift */; };
		E9B4198724BB91C000C51AE9 /* NotesUITests.swift in Sources */ = {isa = PBXBuildFile; fileRef = E9B4198624BB91C000C51AE9 /* NotesUITests.swift */; };
		E9B419D424BB94F000C51AE9 /* HomeViewController.swift in Sources */ = {isa = PBXBuildFile; fileRef = E9B419D324BB94F000C51AE9 /* HomeViewController.swift */; };
		E9B419D624BB953C00C51AE9 /* NewNoteViewController.swift in Sources */ = {isa = PBXBuildFile; fileRef = E9B419D524BB953C00C51AE9 /* NewNoteViewController.swift */; };
		E9B419D924BB95EC00C51AE9 /* ExistingNoteViewController.swift in Sources */ = {isa = PBXBuildFile; fileRef = E9B419D824BB95EC00C51AE9 /* ExistingNoteViewController.swift */; };
		E9B419DB24BB9DB400C51AE9 /* NoteListViewController.swift in Sources */ = {isa = PBXBuildFile; fileRef = E9B419DA24BB9DB400C51AE9 /* NoteListViewController.swift */; };
/* End PBXBuildFile section */

/* Begin PBXContainerItemProxy section */
		E9B4197824BB91C000C51AE9 /* PBXContainerItemProxy */ = {
			isa = PBXContainerItemProxy;
			containerPortal = E9B4195924BB91BE00C51AE9 /* Project object */;
			proxyType = 1;
			remoteGlobalIDString = E9B4196024BB91BE00C51AE9;
			remoteInfo = Notes;
		};
		E9B4198324BB91C000C51AE9 /* PBXContainerItemProxy */ = {
			isa = PBXContainerItemProxy;
			containerPortal = E9B4195924BB91BE00C51AE9 /* Project object */;
			proxyType = 1;
			remoteGlobalIDString = E9B4196024BB91BE00C51AE9;
			remoteInfo = Notes;
		};
/* End PBXContainerItemProxy section */

/* Begin PBXFileReference section */
		026CEC3C94D3F9C18232F72C /* Pods-Notes-NotesUITests.debug.xcconfig */ = {isa = PBXFileReference; includeInIndex = 1; lastKnownFileType = text.xcconfig; name = "Pods-Notes-NotesUITests.debug.xcconfig"; path = "Target Support Files/Pods-Notes-NotesUITests/Pods-Notes-NotesUITests.debug.xcconfig"; sourceTree = "<group>"; };
		04559B2FBA65F2506007F819 /* Pods-Notes.debug.xcconfig */ = {isa = PBXFileReference; includeInIndex = 1; lastKnownFileType = text.xcconfig; name = "Pods-Notes.debug.xcconfig"; path = "Target Support Files/Pods-Notes/Pods-Notes.debug.xcconfig"; sourceTree = "<group>"; };
		32B1F6095799FF050C14BCEE /* Pods-Notes-NotesUITests.release.xcconfig */ = {isa = PBXFileReference; includeInIndex = 1; lastKnownFileType = text.xcconfig; name = "Pods-Notes-NotesUITests.release.xcconfig"; path = "Target Support Files/Pods-Notes-NotesUITests/Pods-Notes-NotesUITests.release.xcconfig"; sourceTree = "<group>"; };
		4CD0740C1A296FDE1A3B2158 /* Pods-NotesTests.release.xcconfig */ = {isa = PBXFileReference; includeInIndex = 1; lastKnownFileType = text.xcconfig; name = "Pods-NotesTests.release.xcconfig"; path = "Target Support Files/Pods-NotesTests/Pods-NotesTests.release.xcconfig"; sourceTree = "<group>"; };
		66528A02080537632DBE4E22 /* Pods-Notes.release.xcconfig */ = {isa = PBXFileReference; includeInIndex = 1; lastKnownFileType = text.xcconfig; name = "Pods-Notes.release.xcconfig"; path = "Target Support Files/Pods-Notes/Pods-Notes.release.xcconfig"; sourceTree = "<group>"; };
		7AFFA2E3FB23A47AC144CF23 /* Pods-NotesTests.debug.xcconfig */ = {isa = PBXFileReference; includeInIndex = 1; lastKnownFileType = text.xcconfig; name = "Pods-NotesTests.debug.xcconfig"; path = "Target Support Files/Pods-NotesTests/Pods-NotesTests.debug.xcconfig"; sourceTree = "<group>"; };
		971E35AE02965FDFFA4DBE48 /* Pods_NotesTests.framework */ = {isa = PBXFileReference; explicitFileType = wrapper.framework; includeInIndex = 0; path = Pods_NotesTests.framework; sourceTree = BUILT_PRODUCTS_DIR; };
		B91CB12D68D469D75F1E0AE5 /* Pods_Notes.framework */ = {isa = PBXFileReference; explicitFileType = wrapper.framework; includeInIndex = 0; path = Pods_Notes.framework; sourceTree = BUILT_PRODUCTS_DIR; };
		DC92FA67B747B8385A9EB468 /* Pods_Notes_NotesUITests.framework */ = {isa = PBXFileReference; explicitFileType = wrapper.framework; includeInIndex = 0; path = Pods_Notes_NotesUITests.framework; sourceTree = BUILT_PRODUCTS_DIR; };
		E9B4196124BB91BE00C51AE9 /* Notes.app */ = {isa = PBXFileReference; explicitFileType = wrapper.application; includeInIndex = 0; path = Notes.app; sourceTree = BUILT_PRODUCTS_DIR; };
		E9B4196424BB91BE00C51AE9 /* AppDelegate.swift */ = {isa = PBXFileReference; lastKnownFileType = sourcecode.swift; path = AppDelegate.swift; sourceTree = "<group>"; };
		E9B4196624BB91BE00C51AE9 /* SceneDelegate.swift */ = {isa = PBXFileReference; lastKnownFileType = sourcecode.swift; path = SceneDelegate.swift; sourceTree = "<group>"; };
		E9B4196824BB91BE00C51AE9 /* ViewController.swift */ = {isa = PBXFileReference; lastKnownFileType = sourcecode.swift; path = ViewController.swift; sourceTree = "<group>"; };
		E9B4196B24BB91BE00C51AE9 /* Base */ = {isa = PBXFileReference; lastKnownFileType = file.storyboard; name = Base; path = Base.lproj/Main.storyboard; sourceTree = "<group>"; };
		E9B4196D24BB91C000C51AE9 /* Assets.xcassets */ = {isa = PBXFileReference; lastKnownFileType = folder.assetcatalog; path = Assets.xcassets; sourceTree = "<group>"; };
		E9B4197024BB91C000C51AE9 /* Base */ = {isa = PBXFileReference; lastKnownFileType = file.storyboard; name = Base; path = Base.lproj/LaunchScreen.storyboard; sourceTree = "<group>"; };
		E9B4197224BB91C000C51AE9 /* Info.plist */ = {isa = PBXFileReference; lastKnownFileType = text.plist.xml; path = Info.plist; sourceTree = "<group>"; };
		E9B4197724BB91C000C51AE9 /* NotesTests.xctest */ = {isa = PBXFileReference; explicitFileType = wrapper.cfbundle; includeInIndex = 0; path = NotesTests.xctest; sourceTree = BUILT_PRODUCTS_DIR; };
		E9B4197B24BB91C000C51AE9 /* NotesTests.swift */ = {isa = PBXFileReference; lastKnownFileType = sourcecode.swift; path = NotesTests.swift; sourceTree = "<group>"; };
		E9B4197D24BB91C000C51AE9 /* Info.plist */ = {isa = PBXFileReference; lastKnownFileType = text.plist.xml; path = Info.plist; sourceTree = "<group>"; };
		E9B4198224BB91C000C51AE9 /* NotesUITests.xctest */ = {isa = PBXFileReference; explicitFileType = wrapper.cfbundle; includeInIndex = 0; path = NotesUITests.xctest; sourceTree = BUILT_PRODUCTS_DIR; };
		E9B4198624BB91C000C51AE9 /* NotesUITests.swift */ = {isa = PBXFileReference; lastKnownFileType = sourcecode.swift; path = NotesUITests.swift; sourceTree = "<group>"; };
		E9B4198824BB91C000C51AE9 /* Info.plist */ = {isa = PBXFileReference; lastKnownFileType = text.plist.xml; path = Info.plist; sourceTree = "<group>"; };
		E9B419D324BB94F000C51AE9 /* HomeViewController.swift */ = {isa = PBXFileReference; lastKnownFileType = sourcecode.swift; path = HomeViewController.swift; sourceTree = "<group>"; };
		E9B419D524BB953C00C51AE9 /* NewNoteViewController.swift */ = {isa = PBXFileReference; lastKnownFileType = sourcecode.swift; path = NewNoteViewController.swift; sourceTree = "<group>"; };
		E9B419D824BB95EC00C51AE9 /* ExistingNoteViewController.swift */ = {isa = PBXFileReference; lastKnownFileType = sourcecode.swift; path = ExistingNoteViewController.swift; sourceTree = "<group>"; };
		E9B419DA24BB9DB400C51AE9 /* NoteListViewController.swift */ = {isa = PBXFileReference; lastKnownFileType = sourcecode.swift; path = NoteListViewController.swift; sourceTree = "<group>"; };
/* End PBXFileReference section */

/* Begin PBXFrameworksBuildPhase section */
		E9B4195E24BB91BE00C51AE9 /* Frameworks */ = {
			isa = PBXFrameworksBuildPhase;
			buildActionMask = 2147483647;
			files = (
				57332F379316CAF6B147A778 /* Pods_Notes.framework in Frameworks */,
			);
			runOnlyForDeploymentPostprocessing = 0;
		};
		E9B4197424BB91C000C51AE9 /* Frameworks */ = {
			isa = PBXFrameworksBuildPhase;
			buildActionMask = 2147483647;
			files = (
				934AF68E1C886791661DE915 /* Pods_NotesTests.framework in Frameworks */,
			);
			runOnlyForDeploymentPostprocessing = 0;
		};
		E9B4197F24BB91C000C51AE9 /* Frameworks */ = {
			isa = PBXFrameworksBuildPhase;
			buildActionMask = 2147483647;
			files = (
				280F1786B8250F2A6DD43827 /* Pods_Notes_NotesUITests.framework in Frameworks */,
			);
			runOnlyForDeploymentPostprocessing = 0;
		};
/* End PBXFrameworksBuildPhase section */

/* Begin PBXGroup section */
		45A61305316096FCFACC42C1 /* Frameworks */ = {
			isa = PBXGroup;
			children = (
				B91CB12D68D469D75F1E0AE5 /* Pods_Notes.framework */,
				DC92FA67B747B8385A9EB468 /* Pods_Notes_NotesUITests.framework */,
				971E35AE02965FDFFA4DBE48 /* Pods_NotesTests.framework */,
			);
			name = Frameworks;
			sourceTree = "<group>";
		};
		B0A7A7869E34170B9D4D897F /* Pods */ = {
			isa = PBXGroup;
			children = (
				04559B2FBA65F2506007F819 /* Pods-Notes.debug.xcconfig */,
				66528A02080537632DBE4E22 /* Pods-Notes.release.xcconfig */,
				026CEC3C94D3F9C18232F72C /* Pods-Notes-NotesUITests.debug.xcconfig */,
				32B1F6095799FF050C14BCEE /* Pods-Notes-NotesUITests.release.xcconfig */,
				7AFFA2E3FB23A47AC144CF23 /* Pods-NotesTests.debug.xcconfig */,
				4CD0740C1A296FDE1A3B2158 /* Pods-NotesTests.release.xcconfig */,
			);
			name = Pods;
			path = Pods;
			sourceTree = "<group>";
		};
		E9B4195824BB91BE00C51AE9 = {
			isa = PBXGroup;
			children = (
				E9B4196324BB91BE00C51AE9 /* Notes */,
				E9B4197A24BB91C000C51AE9 /* NotesTests */,
				E9B4198524BB91C000C51AE9 /* NotesUITests */,
				E9B4196224BB91BE00C51AE9 /* Products */,
				B0A7A7869E34170B9D4D897F /* Pods */,
				45A61305316096FCFACC42C1 /* Frameworks */,
			);
			sourceTree = "<group>";
		};
		E9B4196224BB91BE00C51AE9 /* Products */ = {
			isa = PBXGroup;
			children = (
				E9B4196124BB91BE00C51AE9 /* Notes.app */,
				E9B4197724BB91C000C51AE9 /* NotesTests.xctest */,
				E9B4198224BB91C000C51AE9 /* NotesUITests.xctest */,
			);
			name = Products;
			sourceTree = "<group>";
		};
		E9B4196324BB91BE00C51AE9 /* Notes */ = {
			isa = PBXGroup;
			children = (
				E9B419D724BB959000C51AE9 /* View Controller */,
				E9B4196424BB91BE00C51AE9 /* AppDelegate.swift */,
				E9B4196624BB91BE00C51AE9 /* SceneDelegate.swift */,
				E9B4196824BB91BE00C51AE9 /* ViewController.swift */,
				E9B4196A24BB91BE00C51AE9 /* Main.storyboard */,
				E9B4196D24BB91C000C51AE9 /* Assets.xcassets */,
				E9B4196F24BB91C000C51AE9 /* LaunchScreen.storyboard */,
				E9B4197224BB91C000C51AE9 /* Info.plist */,
			);
			path = Notes;
			sourceTree = "<group>";
		};
		E9B4197A24BB91C000C51AE9 /* NotesTests */ = {
			isa = PBXGroup;
			children = (
				E9B4197B24BB91C000C51AE9 /* NotesTests.swift */,
				E9B4197D24BB91C000C51AE9 /* Info.plist */,
			);
			path = NotesTests;
			sourceTree = "<group>";
		};
		E9B4198524BB91C000C51AE9 /* NotesUITests */ = {
			isa = PBXGroup;
			children = (
				E9B4198624BB91C000C51AE9 /* NotesUITests.swift */,
				E9B4198824BB91C000C51AE9 /* Info.plist */,
			);
			path = NotesUITests;
			sourceTree = "<group>";
		};
		E9B419D724BB959000C51AE9 /* View Controller */ = {
			isa = PBXGroup;
			children = (
				E9B419D524BB953C00C51AE9 /* NewNoteViewController.swift */,
				E9B419D324BB94F000C51AE9 /* HomeViewController.swift */,
				E9B419D824BB95EC00C51AE9 /* ExistingNoteViewController.swift */,
				E9B419DA24BB9DB400C51AE9 /* NoteListViewController.swift */,
			);
			path = "View Controller";
			sourceTree = "<group>";
		};
/* End PBXGroup section */

/* Begin PBXNativeTarget section */
		E9B4196024BB91BE00C51AE9 /* Notes */ = {
			isa = PBXNativeTarget;
			buildConfigurationList = E9B4198B24BB91C000C51AE9 /* Build configuration list for PBXNativeTarget "Notes" */;
			buildPhases = (
				9656DE844F0E4E7C9587391B /* [CP] Check Pods Manifest.lock */,
				E9B4195D24BB91BE00C51AE9 /* Sources */,
				E9B4195E24BB91BE00C51AE9 /* Frameworks */,
				E9B4195F24BB91BE00C51AE9 /* Resources */,
				49551E9019074FEE0995666E /* [CP] Embed Pods Frameworks */,
			);
			buildRules = (
			);
			dependencies = (
			);
			name = Notes;
			productName = Notes;
			productReference = E9B4196124BB91BE00C51AE9 /* Notes.app */;
			productType = "com.apple.product-type.application";
		};
		E9B4197624BB91C000C51AE9 /* NotesTests */ = {
			isa = PBXNativeTarget;
			buildConfigurationList = E9B4198E24BB91C000C51AE9 /* Build configuration list for PBXNativeTarget "NotesTests" */;
			buildPhases = (
				59827320629280173371F01F /* [CP] Check Pods Manifest.lock */,
				E9B4197324BB91C000C51AE9 /* Sources */,
				E9B4197424BB91C000C51AE9 /* Frameworks */,
				E9B4197524BB91C000C51AE9 /* Resources */,
			);
			buildRules = (
			);
			dependencies = (
				E9B4197924BB91C000C51AE9 /* PBXTargetDependency */,
			);
			name = NotesTests;
			productName = NotesTests;
			productReference = E9B4197724BB91C000C51AE9 /* NotesTests.xctest */;
			productType = "com.apple.product-type.bundle.unit-test";
		};
		E9B4198124BB91C000C51AE9 /* NotesUITests */ = {
			isa = PBXNativeTarget;
			buildConfigurationList = E9B4199124BB91C000C51AE9 /* Build configuration list for PBXNativeTarget "NotesUITests" */;
			buildPhases = (
				113682BB82B121B6D84B4F63 /* [CP] Check Pods Manifest.lock */,
				E9B4197E24BB91C000C51AE9 /* Sources */,
				E9B4197F24BB91C000C51AE9 /* Frameworks */,
				E9B4198024BB91C000C51AE9 /* Resources */,
				2F3D1689F5A01E9D50C21287 /* [CP] Embed Pods Frameworks */,
			);
			buildRules = (
			);
			dependencies = (
				E9B4198424BB91C000C51AE9 /* PBXTargetDependency */,
			);
			name = NotesUITests;
			productName = NotesUITests;
			productReference = E9B4198224BB91C000C51AE9 /* NotesUITests.xctest */;
			productType = "com.apple.product-type.bundle.ui-testing";
		};
/* End PBXNativeTarget section */

/* Begin PBXProject section */
		E9B4195924BB91BE00C51AE9 /* Project object */ = {
			isa = PBXProject;
			attributes = {
				LastSwiftUpdateCheck = 1130;
				LastUpgradeCheck = 1130;
				ORGANIZATIONNAME = "Andrew Arpin";
				TargetAttributes = {
					E9B4196024BB91BE00C51AE9 = {
						CreatedOnToolsVersion = 11.3.1;
					};
					E9B4197624BB91C000C51AE9 = {
						CreatedOnToolsVersion = 11.3.1;
						TestTargetID = E9B4196024BB91BE00C51AE9;
					};
					E9B4198124BB91C000C51AE9 = {
						CreatedOnToolsVersion = 11.3.1;
						TestTargetID = E9B4196024BB91BE00C51AE9;
					};
				};
			};
			buildConfigurationList = E9B4195C24BB91BE00C51AE9 /* Build configuration list for PBXProject "Notes" */;
			compatibilityVersion = "Xcode 9.3";
			developmentRegion = en;
			hasScannedForEncodings = 0;
			knownRegions = (
				en,
				Base,
			);
			mainGroup = E9B4195824BB91BE00C51AE9;
			productRefGroup = E9B4196224BB91BE00C51AE9 /* Products */;
			projectDirPath = "";
			projectRoot = "";
			targets = (
				E9B4196024BB91BE00C51AE9 /* Notes */,
				E9B4197624BB91C000C51AE9 /* NotesTests */,
				E9B4198124BB91C000C51AE9 /* NotesUITests */,
			);
		};
/* End PBXProject section */

/* Begin PBXResourcesBuildPhase section */
		E9B4195F24BB91BE00C51AE9 /* Resources */ = {
			isa = PBXResourcesBuildPhase;
			buildActionMask = 2147483647;
			files = (
				E9B4197124BB91C000C51AE9 /* LaunchScreen.storyboard in Resources */,
				E9B4196E24BB91C000C51AE9 /* Assets.xcassets in Resources */,
				E9B4196C24BB91BE00C51AE9 /* Main.storyboard in Resources */,
			);
			runOnlyForDeploymentPostprocessing = 0;
		};
		E9B4197524BB91C000C51AE9 /* Resources */ = {
			isa = PBXResourcesBuildPhase;
			buildActionMask = 2147483647;
			files = (
			);
			runOnlyForDeploymentPostprocessing = 0;
		};
		E9B4198024BB91C000C51AE9 /* Resources */ = {
			isa = PBXResourcesBuildPhase;
			buildActionMask = 2147483647;
			files = (
			);
			runOnlyForDeploymentPostprocessing = 0;
		};
/* End PBXResourcesBuildPhase section */

/* Begin PBXShellScriptBuildPhase section */
		113682BB82B121B6D84B4F63 /* [CP] Check Pods Manifest.lock */ = {
			isa = PBXShellScriptBuildPhase;
			buildActionMask = 2147483647;
			files = (
			);
			inputFileListPaths = (
			);
			inputPaths = (
				"${PODS_PODFILE_DIR_PATH}/Podfile.lock",
				"${PODS_ROOT}/Manifest.lock",
			);
			name = "[CP] Check Pods Manifest.lock";
			outputFileListPaths = (
			);
			outputPaths = (
				"$(DERIVED_FILE_DIR)/Pods-Notes-NotesUITests-checkManifestLockResult.txt",
			);
			runOnlyForDeploymentPostprocessing = 0;
			shellPath = /bin/sh;
			shellScript = "diff \"${PODS_PODFILE_DIR_PATH}/Podfile.lock\" \"${PODS_ROOT}/Manifest.lock\" > /dev/null\nif [ $? != 0 ] ; then\n    # print error to STDERR\n    echo \"error: The sandbox is not in sync with the Podfile.lock. Run 'pod install' or update your CocoaPods installation.\" >&2\n    exit 1\nfi\n# This output is used by Xcode 'outputs' to avoid re-running this script phase.\necho \"SUCCESS\" > \"${SCRIPT_OUTPUT_FILE_0}\"\n";
			showEnvVarsInLog = 0;
		};
		2F3D1689F5A01E9D50C21287 /* [CP] Embed Pods Frameworks */ = {
			isa = PBXShellScriptBuildPhase;
			buildActionMask = 2147483647;
			files = (
			);
			inputFileListPaths = (
				"${PODS_ROOT}/Target Support Files/Pods-Notes-NotesUITests/Pods-Notes-NotesUITests-frameworks-${CONFIGURATION}-input-files.xcfilelist",
			);
			name = "[CP] Embed Pods Frameworks";
			outputFileListPaths = (
				"${PODS_ROOT}/Target Support Files/Pods-Notes-NotesUITests/Pods-Notes-NotesUITests-frameworks-${CONFIGURATION}-output-files.xcfilelist",
			);
			runOnlyForDeploymentPostprocessing = 0;
			shellPath = /bin/sh;
			shellScript = "\"${PODS_ROOT}/Target Support Files/Pods-Notes-NotesUITests/Pods-Notes-NotesUITests-frameworks.sh\"\n";
			showEnvVarsInLog = 0;
		};
		49551E9019074FEE0995666E /* [CP] Embed Pods Frameworks */ = {
			isa = PBXShellScriptBuildPhase;
			buildActionMask = 2147483647;
			files = (
			);
			inputFileListPaths = (
				"${PODS_ROOT}/Target Support Files/Pods-Notes/Pods-Notes-frameworks-${CONFIGURATION}-input-files.xcfilelist",
			);
			name = "[CP] Embed Pods Frameworks";
			outputFileListPaths = (
				"${PODS_ROOT}/Target Support Files/Pods-Notes/Pods-Notes-frameworks-${CONFIGURATION}-output-files.xcfilelist",
			);
			runOnlyForDeploymentPostprocessing = 0;
			shellPath = /bin/sh;
			shellScript = "\"${PODS_ROOT}/Target Support Files/Pods-Notes/Pods-Notes-frameworks.sh\"\n";
			showEnvVarsInLog = 0;
		};
		59827320629280173371F01F /* [CP] Check Pods Manifest.lock */ = {
			isa = PBXShellScriptBuildPhase;
			buildActionMask = 2147483647;
			files = (
			);
			inputFileListPaths = (
			);
			inputPaths = (
				"${PODS_PODFILE_DIR_PATH}/Podfile.lock",
				"${PODS_ROOT}/Manifest.lock",
			);
			name = "[CP] Check Pods Manifest.lock";
			outputFileListPaths = (
			);
			outputPaths = (
				"$(DERIVED_FILE_DIR)/Pods-NotesTests-checkManifestLockResult.txt",
			);
			runOnlyForDeploymentPostprocessing = 0;
			shellPath = /bin/sh;
			shellScript = "diff \"${PODS_PODFILE_DIR_PATH}/Podfile.lock\" \"${PODS_ROOT}/Manifest.lock\" > /dev/null\nif [ $? != 0 ] ; then\n    # print error to STDERR\n    echo \"error: The sandbox is not in sync with the Podfile.lock. Run 'pod install' or update your CocoaPods installation.\" >&2\n    exit 1\nfi\n# This output is used by Xcode 'outputs' to avoid re-running this script phase.\necho \"SUCCESS\" > \"${SCRIPT_OUTPUT_FILE_0}\"\n";
			showEnvVarsInLog = 0;
		};
		9656DE844F0E4E7C9587391B /* [CP] Check Pods Manifest.lock */ = {
			isa = PBXShellScriptBuildPhase;
			buildActionMask = 2147483647;
			files = (
			);
			inputFileListPaths = (
			);
			inputPaths = (
				"${PODS_PODFILE_DIR_PATH}/Podfile.lock",
				"${PODS_ROOT}/Manifest.lock",
			);
			name = "[CP] Check Pods Manifest.lock";
			outputFileListPaths = (
			);
			outputPaths = (
				"$(DERIVED_FILE_DIR)/Pods-Notes-checkManifestLockResult.txt",
			);
			runOnlyForDeploymentPostprocessing = 0;
			shellPath = /bin/sh;
			shellScript = "diff \"${PODS_PODFILE_DIR_PATH}/Podfile.lock\" \"${PODS_ROOT}/Manifest.lock\" > /dev/null\nif [ $? != 0 ] ; then\n    # print error to STDERR\n    echo \"error: The sandbox is not in sync with the Podfile.lock. Run 'pod install' or update your CocoaPods installation.\" >&2\n    exit 1\nfi\n# This output is used by Xcode 'outputs' to avoid re-running this script phase.\necho \"SUCCESS\" > \"${SCRIPT_OUTPUT_FILE_0}\"\n";
			showEnvVarsInLog = 0;
		};
/* End PBXShellScriptBuildPhase section */

/* Begin PBXSourcesBuildPhase section */
		E9B4195D24BB91BE00C51AE9 /* Sources */ = {
			isa = PBXSourcesBuildPhase;
			buildActionMask = 2147483647;
			files = (
				E9B419D924BB95EC00C51AE9 /* ExistingNoteViewController.swift in Sources */,
				E9B419DB24BB9DB400C51AE9 /* NoteListViewController.swift in Sources */,
				E9B419D624BB953C00C51AE9 /* NewNoteViewController.swift in Sources */,
				E9B4196924BB91BE00C51AE9 /* ViewController.swift in Sources */,
				E9B4196524BB91BE00C51AE9 /* AppDelegate.swift in Sources */,
				E9B4196724BB91BE00C51AE9 /* SceneDelegate.swift in Sources */,
				E9B419D424BB94F000C51AE9 /* HomeViewController.swift in Sources */,
			);
			runOnlyForDeploymentPostprocessing = 0;
		};
		E9B4197324BB91C000C51AE9 /* Sources */ = {
			isa = PBXSourcesBuildPhase;
			buildActionMask = 2147483647;
			files = (
				E9B4197C24BB91C000C51AE9 /* NotesTests.swift in Sources */,
			);
			runOnlyForDeploymentPostprocessing = 0;
		};
		E9B4197E24BB91C000C51AE9 /* Sources */ = {
			isa = PBXSourcesBuildPhase;
			buildActionMask = 2147483647;
			files = (
				E9B4198724BB91C000C51AE9 /* NotesUITests.swift in Sources */,
			);
			runOnlyForDeploymentPostprocessing = 0;
		};
/* End PBXSourcesBuildPhase section */

/* Begin PBXTargetDependency section */
		E9B4197924BB91C000C51AE9 /* PBXTargetDependency */ = {
			isa = PBXTargetDependency;
			target = E9B4196024BB91BE00C51AE9 /* Notes */;
			targetProxy = E9B4197824BB91C000C51AE9 /* PBXContainerItemProxy */;
		};
		E9B4198424BB91C000C51AE9 /* PBXTargetDependency */ = {
			isa = PBXTargetDependency;
			target = E9B4196024BB91BE00C51AE9 /* Notes */;
			targetProxy = E9B4198324BB91C000C51AE9 /* PBXContainerItemProxy */;
		};
/* End PBXTargetDependency section */

/* Begin PBXVariantGroup section */
		E9B4196A24BB91BE00C51AE9 /* Main.storyboard */ = {
			isa = PBXVariantGroup;
			children = (
				E9B4196B24BB91BE00C51AE9 /* Base */,
			);
			name = Main.storyboard;
			sourceTree = "<group>";
		};
		E9B4196F24BB91C000C51AE9 /* LaunchScreen.storyboard */ = {
			isa = PBXVariantGroup;
			children = (
				E9B4197024BB91C000C51AE9 /* Base */,
			);
			name = LaunchScreen.storyboard;
			sourceTree = "<group>";
		};
/* End PBXVariantGroup section */

/* Begin XCBuildConfiguration section */
		E9B4198924BB91C000C51AE9 /* Debug */ = {
			isa = XCBuildConfiguration;
			buildSettings = {
				ALWAYS_SEARCH_USER_PATHS = NO;
				CLANG_ANALYZER_NONNULL = YES;
				CLANG_ANALYZER_NUMBER_OBJECT_CONVERSION = YES_AGGRESSIVE;
				CLANG_CXX_LANGUAGE_STANDARD = "gnu++14";
				CLANG_CXX_LIBRARY = "libc++";
				CLANG_ENABLE_MODULES = YES;
				CLANG_ENABLE_OBJC_ARC = YES;
				CLANG_ENABLE_OBJC_WEAK = YES;
				CLANG_WARN_BLOCK_CAPTURE_AUTORELEASING = YES;
				CLANG_WARN_BOOL_CONVERSION = YES;
				CLANG_WARN_COMMA = YES;
				CLANG_WARN_CONSTANT_CONVERSION = YES;
				CLANG_WARN_DEPRECATED_OBJC_IMPLEMENTATIONS = YES;
				CLANG_WARN_DIRECT_OBJC_ISA_USAGE = YES_ERROR;
				CLANG_WARN_DOCUMENTATION_COMMENTS = YES;
				CLANG_WARN_EMPTY_BODY = YES;
				CLANG_WARN_ENUM_CONVERSION = YES;
				CLANG_WARN_INFINITE_RECURSION = YES;
				CLANG_WARN_INT_CONVERSION = YES;
				CLANG_WARN_NON_LITERAL_NULL_CONVERSION = YES;
				CLANG_WARN_OBJC_IMPLICIT_RETAIN_SELF = YES;
				CLANG_WARN_OBJC_LITERAL_CONVERSION = YES;
				CLANG_WARN_OBJC_ROOT_CLASS = YES_ERROR;
				CLANG_WARN_RANGE_LOOP_ANALYSIS = YES;
				CLANG_WARN_STRICT_PROTOTYPES = YES;
				CLANG_WARN_SUSPICIOUS_MOVE = YES;
				CLANG_WARN_UNGUARDED_AVAILABILITY = YES_AGGRESSIVE;
				CLANG_WARN_UNREACHABLE_CODE = YES;
				CLANG_WARN__DUPLICATE_METHOD_MATCH = YES;
				COPY_PHASE_STRIP = NO;
				DEBUG_INFORMATION_FORMAT = dwarf;
				ENABLE_STRICT_OBJC_MSGSEND = YES;
				ENABLE_TESTABILITY = YES;
				GCC_C_LANGUAGE_STANDARD = gnu11;
				GCC_DYNAMIC_NO_PIC = NO;
				GCC_NO_COMMON_BLOCKS = YES;
				GCC_OPTIMIZATION_LEVEL = 0;
				GCC_PREPROCESSOR_DEFINITIONS = (
					"DEBUG=1",
					"$(inherited)",
				);
				GCC_WARN_64_TO_32_BIT_CONVERSION = YES;
				GCC_WARN_ABOUT_RETURN_TYPE = YES_ERROR;
				GCC_WARN_UNDECLARED_SELECTOR = YES;
				GCC_WARN_UNINITIALIZED_AUTOS = YES_AGGRESSIVE;
				GCC_WARN_UNUSED_FUNCTION = YES;
				GCC_WARN_UNUSED_VARIABLE = YES;
				IPHONEOS_DEPLOYMENT_TARGET = 13.2;
				MTL_ENABLE_DEBUG_INFO = INCLUDE_SOURCE;
				MTL_FAST_MATH = YES;
				ONLY_ACTIVE_ARCH = YES;
				SDKROOT = iphoneos;
				SWIFT_ACTIVE_COMPILATION_CONDITIONS = DEBUG;
				SWIFT_OPTIMIZATION_LEVEL = "-Onone";
			};
			name = Debug;
		};
		E9B4198A24BB91C000C51AE9 /* Release */ = {
			isa = XCBuildConfiguration;
			buildSettings = {
				ALWAYS_SEARCH_USER_PATHS = NO;
				CLANG_ANALYZER_NONNULL = YES;
				CLANG_ANALYZER_NUMBER_OBJECT_CONVERSION = YES_AGGRESSIVE;
				CLANG_CXX_LANGUAGE_STANDARD = "gnu++14";
				CLANG_CXX_LIBRARY = "libc++";
				CLANG_ENABLE_MODULES = YES;
				CLANG_ENABLE_OBJC_ARC = YES;
				CLANG_ENABLE_OBJC_WEAK = YES;
				CLANG_WARN_BLOCK_CAPTURE_AUTORELEASING = YES;
				CLANG_WARN_BOOL_CONVERSION = YES;
				CLANG_WARN_COMMA = YES;
				CLANG_WARN_CONSTANT_CONVERSION = YES;
				CLANG_WARN_DEPRECATED_OBJC_IMPLEMENTATIONS = YES;
				CLANG_WARN_DIRECT_OBJC_ISA_USAGE = YES_ERROR;
				CLANG_WARN_DOCUMENTATION_COMMENTS = YES;
				CLANG_WARN_EMPTY_BODY = YES;
				CLANG_WARN_ENUM_CONVERSION = YES;
				CLANG_WARN_INFINITE_RECURSION = YES;
				CLANG_WARN_INT_CONVERSION = YES;
				CLANG_WARN_NON_LITERAL_NULL_CONVERSION = YES;
				CLANG_WARN_OBJC_IMPLICIT_RETAIN_SELF = YES;
				CLANG_WARN_OBJC_LITERAL_CONVERSION = YES;
				CLANG_WARN_OBJC_ROOT_CLASS = YES_ERROR;
				CLANG_WARN_RANGE_LOOP_ANALYSIS = YES;
				CLANG_WARN_STRICT_PROTOTYPES = YES;
				CLANG_WARN_SUSPICIOUS_MOVE = YES;
				CLANG_WARN_UNGUARDED_AVAILABILITY = YES_AGGRESSIVE;
				CLANG_WARN_UNREACHABLE_CODE = YES;
				CLANG_WARN__DUPLICATE_METHOD_MATCH = YES;
				COPY_PHASE_STRIP = NO;
				DEBUG_INFORMATION_FORMAT = "dwarf-with-dsym";
				ENABLE_NS_ASSERTIONS = NO;
				ENABLE_STRICT_OBJC_MSGSEND = YES;
				GCC_C_LANGUAGE_STANDARD = gnu11;
				GCC_NO_COMMON_BLOCKS = YES;
				GCC_WARN_64_TO_32_BIT_CONVERSION = YES;
				GCC_WARN_ABOUT_RETURN_TYPE = YES_ERROR;
				GCC_WARN_UNDECLARED_SELECTOR = YES;
				GCC_WARN_UNINITIALIZED_AUTOS = YES_AGGRESSIVE;
				GCC_WARN_UNUSED_FUNCTION = YES;
				GCC_WARN_UNUSED_VARIABLE = YES;
				IPHONEOS_DEPLOYMENT_TARGET = 13.2;
				MTL_ENABLE_DEBUG_INFO = NO;
				MTL_FAST_MATH = YES;
				SDKROOT = iphoneos;
				SWIFT_COMPILATION_MODE = wholemodule;
				SWIFT_OPTIMIZATION_LEVEL = "-O";
				VALIDATE_PRODUCT = YES;
			};
			name = Release;
		};
		E9B4198C24BB91C000C51AE9 /* Debug */ = {
			isa = XCBuildConfiguration;
			baseConfigurationReference = 04559B2FBA65F2506007F819 /* Pods-Notes.debug.xcconfig */;
			buildSettings = {
				ASSETCATALOG_COMPILER_APPICON_NAME = AppIcon;
				CODE_SIGN_STYLE = Automatic;
				INFOPLIST_FILE = Notes/Info.plist;
				LD_RUNPATH_SEARCH_PATHS = (
					"$(inherited)",
					"@executable_path/Frameworks",
				);
				PRODUCT_BUNDLE_IDENTIFIER = Notesapp.Notes;
				PRODUCT_NAME = "$(TARGET_NAME)";
				SWIFT_VERSION = 5.0;
				TARGETED_DEVICE_FAMILY = "1,2";
			};
			name = Debug;
		};
		E9B4198D24BB91C000C51AE9 /* Release */ = {
			isa = XCBuildConfiguration;
			baseConfigurationReference = 66528A02080537632DBE4E22 /* Pods-Notes.release.xcconfig */;
			buildSettings = {
				ASSETCATALOG_COMPILER_APPICON_NAME = AppIcon;
				CODE_SIGN_STYLE = Automatic;
				INFOPLIST_FILE = Notes/Info.plist;
				LD_RUNPATH_SEARCH_PATHS = (
					"$(inherited)",
					"@executable_path/Frameworks",
				);
				PRODUCT_BUNDLE_IDENTIFIER = Notesapp.Notes;
				PRODUCT_NAME = "$(TARGET_NAME)";
				SWIFT_VERSION = 5.0;
				TARGETED_DEVICE_FAMILY = "1,2";
			};
			name = Release;
		};
		E9B4198F24BB91C000C51AE9 /* Debug */ = {
			isa = XCBuildConfiguration;
			baseConfigurationReference = 7AFFA2E3FB23A47AC144CF23 /* Pods-NotesTests.debug.xcconfig */;
			buildSettings = {
				ALWAYS_EMBED_SWIFT_STANDARD_LIBRARIES = YES;
				BUNDLE_LOADER = "$(TEST_HOST)";
				CODE_SIGN_STYLE = Automatic;
				INFOPLIST_FILE = NotesTests/Info.plist;
				IPHONEOS_DEPLOYMENT_TARGET = 13.2;
				LD_RUNPATH_SEARCH_PATHS = (
					"$(inherited)",
					"@executable_path/Frameworks",
					"@loader_path/Frameworks",
				);
				PRODUCT_BUNDLE_IDENTIFIER = Notesapp.NotesTests;
				PRODUCT_NAME = "$(TARGET_NAME)";
				SWIFT_VERSION = 5.0;
				TARGETED_DEVICE_FAMILY = "1,2";
				TEST_HOST = "$(BUILT_PRODUCTS_DIR)/Notes.app/Notes";
			};
			name = Debug;
		};
		E9B4199024BB91C000C51AE9 /* Release */ = {
			isa = XCBuildConfiguration;
			baseConfigurationReference = 4CD0740C1A296FDE1A3B2158 /* Pods-NotesTests.release.xcconfig */;
			buildSettings = {
				ALWAYS_EMBED_SWIFT_STANDARD_LIBRARIES = YES;
				BUNDLE_LOADER = "$(TEST_HOST)";
				CODE_SIGN_STYLE = Automatic;
				INFOPLIST_FILE = NotesTests/Info.plist;
				IPHONEOS_DEPLOYMENT_TARGET = 13.2;
				LD_RUNPATH_SEARCH_PATHS = (
					"$(inherited)",
					"@executable_path/Frameworks",
					"@loader_path/Frameworks",
				);
				PRODUCT_BUNDLE_IDENTIFIER = Notesapp.NotesTests;
				PRODUCT_NAME = "$(TARGET_NAME)";
				SWIFT_VERSION = 5.0;
				TARGETED_DEVICE_FAMILY = "1,2";
				TEST_HOST = "$(BUILT_PRODUCTS_DIR)/Notes.app/Notes";
			};
			name = Release;
		};
		E9B4199224BB91C000C51AE9 /* Debug */ = {
			isa = XCBuildConfiguration;
			baseConfigurationReference = 026CEC3C94D3F9C18232F72C /* Pods-Notes-NotesUITests.debug.xcconfig */;
			buildSettings = {
				ALWAYS_EMBED_SWIFT_STANDARD_LIBRARIES = YES;
				CODE_SIGN_STYLE = Automatic;
				INFOPLIST_FILE = NotesUITests/Info.plist;
				LD_RUNPATH_SEARCH_PATHS = (
					"$(inherited)",
					"@executable_path/Frameworks",
					"@loader_path/Frameworks",
				);
				PRODUCT_BUNDLE_IDENTIFIER = Notesapp.NotesUITests;
				PRODUCT_NAME = "$(TARGET_NAME)";
				SWIFT_VERSION = 5.0;
				TARGETED_DEVICE_FAMILY = "1,2";
				TEST_TARGET_NAME = Notes;
			};
			name = Debug;
		};
		E9B4199324BB91C000C51AE9 /* Release */ = {
			isa = XCBuildConfiguration;
			baseConfigurationReference = 32B1F6095799FF050C14BCEE /* Pods-Notes-NotesUITests.release.xcconfig */;
			buildSettings = {
				ALWAYS_EMBED_SWIFT_STANDARD_LIBRARIES = YES;
				CODE_SIGN_STYLE = Automatic;
				INFOPLIST_FILE = NotesUITests/Info.plist;
				LD_RUNPATH_SEARCH_PATHS = (
					"$(inherited)",
					"@executable_path/Frameworks",
					"@loader_path/Frameworks",
				);
				PRODUCT_BUNDLE_IDENTIFIER = Notesapp.NotesUITests;
				PRODUCT_NAME = "$(TARGET_NAME)";
				SWIFT_VERSION = 5.0;
				TARGETED_DEVICE_FAMILY = "1,2";
				TEST_TARGET_NAME = Notes;
			};
			name = Release;
		};
/* End XCBuildConfiguration section */

/* Begin XCConfigurationList section */
		E9B4195C24BB91BE00C51AE9 /* Build configuration list for PBXProject "Notes" */ = {
			isa = XCConfigurationList;
			buildConfigurations = (
				E9B4198924BB91C000C51AE9 /* Debug */,
				E9B4198A24BB91C000C51AE9 /* Release */,
			);
			defaultConfigurationIsVisible = 0;
			defaultConfigurationName = Release;
		};
		E9B4198B24BB91C000C51AE9 /* Build configuration list for PBXNativeTarget "Notes" */ = {
			isa = XCConfigurationList;
			buildConfigurations = (
				E9B4198C24BB91C000C51AE9 /* Debug */,
				E9B4198D24BB91C000C51AE9 /* Release */,
			);
			defaultConfigurationIsVisible = 0;
			defaultConfigurationName = Release;
		};
		E9B4198E24BB91C000C51AE9 /* Build configuration list for PBXNativeTarget "NotesTests" */ = {
			isa = XCConfigurationList;
			buildConfigurations = (
				E9B4198F24BB91C000C51AE9 /* Debug */,
				E9B4199024BB91C000C51AE9 /* Release */,
			);
			defaultConfigurationIsVisible = 0;
			defaultConfigurationName = Release;
		};
		E9B4199124BB91C000C51AE9 /* Build configuration list for PBXNativeTarget "NotesUITests" */ = {
			isa = XCConfigurationList;
			buildConfigurations = (
				E9B4199224BB91C000C51AE9 /* Debug */,
				E9B4199324BB91C000C51AE9 /* Release */,
			);
			defaultConfigurationIsVisible = 0;
			defaultConfigurationName = Release;
		};
/* End XCConfigurationList section */
	};
	rootObject = E9B4195924BB91BE00C51AE9 /* Project object */;
}
